{
  "name": "@vananhaudio/musicxml-beats",
  "version": "0.2.0",
  "lockfileVersion": 3,
  "requires": true,
  "packages": {
    "": {
      "name": "@vananhaudio/musicxml-beats",
      "version": "0.2.0",
      "dependencies": {
        "@xmldom/xmldom": "0.9.12",
        "verovio": "6.3.0"
      },
      "devDependencies": {
        "typescript": "~6.0.2"
      }
    },
    "node_modules/@xmldom/xmldom": {
      "version": "0.9.12",
      "resolved": "https://registry.npmjs.org/@xmldom/xmldom/-/xmldom-0.9.12.tgz",
      "integrity": "sha512-5AXjrcMClTryPe9LgZrygpB1lj7s0S9E0+W+AHaVKAVyHanafK86iPSvG5xHVSp/jC+VH1UXu0TAEmY279xH7A==",
      "license": "MIT",
      "engines": {
        "node": ">=14.6"
      }
    },
    "node_modules/typescript": {
      "version": "6.0.3",
      "resolved": "https://registry.npmjs.org/typescript/-/typescript-6.0.3.tgz",
      "integrity": "sha512-y2TvuxSZPDyQakkFRPZHKFm+KKVqIisdg9/CZwm9ftvKXLP8NRWj38/ODjNbr43SsoXqNuAisEf1GdCxqWcdBw==",
      "dev": true,
      "license": "Apache-2.0",
      "bin": {
        "tsc": "bin/tsc",
        "tsserver": "bin/tsserver"
      },
      "engines": {
        "node": ">=14.17"
      }
    },
    "node_modules/verovio": {
      "version": "6.3.0",
      "resolved": "https://registry.npmjs.org/verovio/-/verovio-6.3.0.tgz",
      "integrity": "sha512-1p6WhP/w3WrAhPVDTNUDH9UVPAZOnHnZVTWxclE8haHccVI/q8c+99vLH6rRgL9MuYaFR9HF4UJD6MyW2CfMwg==",
      "license": "LGPL-3.0-or-later",
      "engines": {
        "node": ">= 14.18.0"
      }
    }
  }
}
